Microsoft Visual Studio Solution File, Format Version 8.00
Project("{8BC9CEB8-8B4A-11D0-8D11-00A0C91BC942}") = "Kaleidoscope", "Kaleidoscope.vcproj", "{7136E65E-4BF4-44F4-B939-939917B4E61A}"
	ProjectSection(ProjectDependencies) = postProject
	EndProjectSection
EndProject
Global
	GlobalSection(SolutionConfiguration) = preSolution
		Debug = Debug
		Release = Release
	EndGlobalSection
	GlobalSection(ProjectConfiguration) = postSolution
		{7136E65E-4BF4-44F4-B939-939917B4E61A}.Debug.ActiveCfg = Debug|Win32
		{7136E65E-4BF4-44F4-B939-939917B4E61A}.Debug.Build.0 = Debug|Win32
		{7136E65E-4BF4-44F4-B939-939917B4E61A}.Release.ActiveCfg = Release|Win32
		{7136E65E-4BF4-44F4-B939-939917B4E61A}.Release.Build.0 = Release|Win32
	EndGlobalSection
	GlobalSection(ExtensibilityGlobals) = postSolution
	EndGlobalSection
	GlobalSection(ExtensibilityAddIns) = postSolution
	EndGlobalSection
EndGlobal
